
Microsoft Visual Studio Solution File, Format Version 12.00
# Visual Studio Version 17
VisualStudioVersion = 17.7.34031.279
MinimumVisualStudioVersion = 10.0.40219.1
Project("{9A19103F-16F7-4668-BE54-9A1E7A4F7556}") = "Quiz.API", "Quiz.API\Quiz.API.csproj", "{49ACD5DA-A463-4FB7-B4B9-0912B5DE6791}"
EndProject
Project("{9A19103F-16F7-4668-BE54-9A1E7A4F7556}") = "Quiz.Repository", "..\Quiz.Repository\Quiz.Repository.csproj", "{79DF46D8-E431-4A1D-B4D2-B195061EBA96}"
EndProject
Project("{9A19103F-16F7-4668-BE54-9A1E7A4F7556}") = "Quiz.Service", "..\Quiz.Service\Quiz.Service.csproj", "{A327F148-BF02-42E4-BE04-FE910A6760AC}"
EndProject
Project("{9A19103F-16F7-4668-BE54-9A1E7A4F7556}") = "Quiz.DTO", "..\Quiz.DTO\Quiz.DTO.csproj", "{F43C32FA-C5DD-4950-BA81-329A1EA37CAB}"
EndProject
Project("{9A19103F-16F7-4668-BE54-9A1E7A4F7556}") = "Quiz.Infrastructure", "..\Quiz.Infrastructure\Quiz.Infrastructure.csproj", "{B1613B5B-ED2B-4ADE-BD1A-A6D9754C1F51}"
EndProject
Project("{9A19103F-16F7-4668-BE54-9A1E7A4F7556}") = "Quiz.UI", "..\Quiz.UI\Quiz.UI.csproj", "{EB431DE3-6032-487A-B3F5-CFB4EB9C74D2}"
EndProject
Project("{FAE04EC0-301F-11D3-BF4B-00C04F79EFBC}") = "VnPayLib", "VnPayLib\VnPayLib.csproj", "{484D76C6-0F63-48DE-B0C2-2D5D0F065510}"
EndProject
Project("{FAE04EC0-301F-11D3-BF4B-00C04F79EFBC}") = "Quiz.Gateway", "..\Quiz.Gateway\Quiz.Gateway.csproj", "{D272ED4A-A482-4F21-BA35-1D980D0875C8}"
EndProject
Global
	GlobalSection(SolutionConfigurationPlatforms) = preSolution
		Debug|Any CPU = Debug|Any CPU
		Release|Any CPU = Release|Any CPU
	EndGlobalSection
	GlobalSection(ProjectConfigurationPlatforms) = postSolution
		{49ACD5DA-A463-4FB7-B4B9-0912B5DE6791}.Debug|Any CPU.ActiveCfg = Debug|Any CPU
		{49ACD5DA-A463-4FB7-B4B9-0912B5DE6791}.Debug|Any CPU.Build.0 = Debug|Any CPU
		{49ACD5DA-A463-4FB7-B4B9-0912B5DE6791}.Release|Any CPU.ActiveCfg = Release|Any CPU
		{49ACD5DA-A463-4FB7-B4B9-0912B5DE6791}.Release|Any CPU.Build.0 = Release|Any CPU
		{79DF46D8-E431-4A1D-B4D2-B195061EBA96}.Debug|Any CPU.ActiveCfg = Debug|Any CPU
		{79DF46D8-E431-4A1D-B4D2-B195061EBA96}.Debug|Any CPU.Build.0 = Debug|Any CPU
		{79DF46D8-E431-4A1D-B4D2-B195061EBA96}.Release|Any CPU.ActiveCfg = Release|Any CPU
		{79DF46D8-E431-4A1D-B4D2-B195061EBA96}.Release|Any CPU.Build.0 = Release|Any CPU
		{A327F148-BF02-42E4-BE04-FE910A6760AC}.Debug|Any CPU.ActiveCfg = Debug|Any CPU
		{A327F148-BF02-42E4-BE04-FE910A6760AC}.Debug|Any CPU.Build.0 = Debug|Any CPU
		{A327F148-BF02-42E4-BE04-FE910A6760AC}.Release|Any CPU.ActiveCfg = Release|Any CPU
		{A327F148-BF02-42E4-BE04-FE910A6760AC}.Release|Any CPU.Build.0 = Release|Any CPU
		{F43C32FA-C5DD-4950-BA81-329A1EA37CAB}.Debug|Any CPU.ActiveCfg = Debug|Any CPU
		{F43C32FA-C5DD-4950-BA81-329A1EA37CAB}.Debug|Any CPU.Build.0 = Debug|Any CPU
		{F43C32FA-C5DD-4950-BA81-329A1EA37CAB}.Release|Any CPU.ActiveCfg = Release|Any CPU
		{F43C32FA-C5DD-4950-BA81-329A1EA37CAB}.Release|Any CPU.Build.0 = Release|Any CPU
		{B1613B5B-ED2B-4ADE-BD1A-A6D9754C1F51}.Debug|Any CPU.ActiveCfg = Debug|Any CPU
		{B1613B5B-ED2B-4ADE-BD1A-A6D9754C1F51}.Debug|Any CPU.Build.0 = Debug|Any CPU
		{B1613B5B-ED2B-4ADE-BD1A-A6D9754C1F51}.Release|Any CPU.ActiveCfg = Release|Any CPU
		{B1613B5B-ED2B-4ADE-BD1A-A6D9754C1F51}.Release|Any CPU.Build.0 = Release|Any CPU
		{EB431DE3-6032-487A-B3F5-CFB4EB9C74D2}.Debug|Any CPU.ActiveCfg = Debug|Any CPU
		{EB431DE3-6032-487A-B3F5-CFB4EB9C74D2}.Debug|Any CPU.Build.0 = Debug|Any CPU
		{EB431DE3-6032-487A-B3F5-CFB4EB9C74D2}.Release|Any CPU.ActiveCfg = Release|Any CPU
		{EB431DE3-6032-487A-B3F5-CFB4EB9C74D2}.Release|Any CPU.Build.0 = Release|Any CPU
		{484D76C6-0F63-48DE-B0C2-2D5D0F065510}.Debug|Any CPU.ActiveCfg = Debug|Any CPU
		{484D76C6-0F63-48DE-B0C2-2D5D0F065510}.Debug|Any CPU.Build.0 = Debug|Any CPU
		{484D76C6-0F63-48DE-B0C2-2D5D0F065510}.Release|Any CPU.ActiveCfg = Release|Any CPU
		{484D76C6-0F63-48DE-B0C2-2D5D0F065510}.Release|Any CPU.Build.0 = Release|Any CPU
		{D272ED4A-A482-4F21-BA35-1D980D0875C8}.Debug|Any CPU.ActiveCfg = Debug|Any CPU
		{D272ED4A-A482-4F21-BA35-1D980D0875C8}.Debug|Any CPU.Build.0 = Debug|Any CPU
		{D272ED4A-A482-4F21-BA35-1D980D0875C8}.Release|Any CPU.ActiveCfg = Release|Any CPU
		{D272ED4A-A482-4F21-BA35-1D980D0875C8}.Release|Any CPU.Build.0 = Release|Any CPU
	EndGlobalSection
	GlobalSection(SolutionProperties) = preSolution
		HideSolutionNode = FALSE
	EndGlobalSection
	GlobalSection(ExtensibilityGlobals) = postSolution
		SolutionGuid = {EF788363-4887-4C0D-BB5B-CBA4B9E1ABE5}
	EndGlobalSection
EndGlobal
